
Microsoft Visual Studio Solution File, Format Version 12.00
# Visual Studio Version 17
VisualStudioVersion = 17.3.32901.215
MinimumVisualStudioVersion = 10.0.40219.1
Project("{9A19103F-16F7-4668-BE54-9A1E7A4F7556}") = "Fintech.Server", "Server\Fintech.Server.csproj", "{A5DD1965-7BEC-4620-9BD3-F8B122A55888}"
EndProject
Project("{9A19103F-16F7-4668-BE54-9A1E7A4F7556}") = "Fintech.Client", "Client\Fintech.Client.csproj", "{30504AB2-31C9-44A8-8F43-36DF519910AB}"
EndProject
Project("{9A19103F-16F7-4668-BE54-9A1E7A4F7556}") = "Fintech.Shared", "Shared\Fintech.Shared.csproj", "{C9475716-C6FB-4B1C-AEEC-36CB7D61C5AF}"
EndProject
Global
	GlobalSection(SolutionConfigurationPlatforms) = preSolution
		Debug|Any CPU = Debug|Any CPU
		Release|Any CPU = Release|Any CPU
	EndGlobalSection
	GlobalSection(ProjectConfigurationPlatforms) = postSolution
		{A5DD1965-7BEC-4620-9BD3-F8B122A55888}.Debug|Any CPU.ActiveCfg = Debug|Any CPU
		{A5DD1965-7BEC-4620-9BD3-F8B122A55888}.Debug|Any CPU.Build.0 = Debug|Any CPU
		{A5DD1965-7BEC-4620-9BD3-F8B122A55888}.Release|Any CPU.ActiveCfg = Release|Any CPU
		{A5DD1965-7BEC-4620-9BD3-F8B122A55888}.Release|Any CPU.Build.0 = Release|Any CPU
		{30504AB2-31C9-44A8-8F43-36DF519910AB}.Debug|Any CPU.ActiveCfg = Debug|Any CPU
		{30504AB2-31C9-44A8-8F43-36DF519910AB}.Debug|Any CPU.Build.0 = Debug|Any CPU
		{30504AB2-31C9-44A8-8F43-36DF519910AB}.Release|Any CPU.ActiveCfg = Release|Any CPU
		{30504AB2-31C9-44A8-8F43-36DF519910AB}.Release|Any CPU.Build.0 = Release|Any CPU
		{C9475716-C6FB-4B1C-AEEC-36CB7D61C5AF}.Debug|Any CPU.ActiveCfg = Debug|Any CPU
		{C9475716-C6FB-4B1C-AEEC-36CB7D61C5AF}.Debug|Any CPU.Build.0 = Debug|Any CPU
		{C9475716-C6FB-4B1C-AEEC-36CB7D61C5AF}.Release|Any CPU.ActiveCfg = Release|Any CPU
		{C9475716-C6FB-4B1C-AEEC-36CB7D61C5AF}.Release|Any CPU.Build.0 = Release|Any CPU
	EndGlobalSection
	GlobalSection(SolutionProperties) = preSolution
		HideSolutionNode = FALSE
	EndGlobalSection
	GlobalSection(ExtensibilityGlobals) = postSolution
		SolutionGuid = {06D9D14C-5499-493D-9A06-509BE5739270}
	EndGlobalSection
EndGlobal
